
Microsoft Visual Studio Solution File, Format Version 12.00
# Visual Studio 14
VisualStudioVersion = 14.0.24720.0
MinimumVisualStudioVersion = 10.0.40219.1
Project("{2150E333-8FDC-42A3-9474-1A3956D46DE8}") = "src", "src", "{7DCFDCFB-89AE-4C06-837C-CA2653C1192B}"
EndProject
Project("{2150E333-8FDC-42A3-9474-1A3956D46DE8}") = "Solution Items", "Solution Items", "{8BBCF67E-4931-4831-9AA9-4AAEA9985CC7}"
	ProjectSection(SolutionItems) = preProject
		global.json = global.json
		WE-Palette.css = WE-Palette.css
	EndProjectSection
EndProject
Project("{8BB2217D-0F2D-49D1-97BC-3654ED321F3B}") = "ProtectionTools.WebAPI", "src\ProtectionTools.WebUI\ProtectionTools.WebAPI.xproj", "{22774906-DD0D-48E9-BE22-A1FF29B748B3}"
EndProject
Project("{8BB2217D-0F2D-49D1-97BC-3654ED321F3B}") = "ProtectionTools.Data", "src\ProtectionTools.Data\ProtectionTools.Data.xproj", "{AA4797EF-0A01-4EAA-894A-4D311CC0BF68}"
EndProject
Project("{8BB2217D-0F2D-49D1-97BC-3654ED321F3B}") = "ProtectionTools.Models", "src\ProtectionTools.Models\ProtectionTools.Models.xproj", "{7B19D136-5BDD-4077-8FC5-2CC04E266ECA}"
EndProject
Project("{8BB2217D-0F2D-49D1-97BC-3654ED321F3B}") = "ProtectionTools.Core", "src\ProtectionTools.Core\ProtectionTools.Core.xproj", "{33B83646-986D-43E5-AD4C-62F38DBF8216}"
EndProject
Global
	GlobalSection(SolutionConfigurationPlatforms) = preSolution
		Debug|Any CPU = Debug|Any CPU
		Release|Any CPU = Release|Any CPU
	EndGlobalSection
	GlobalSection(ProjectConfigurationPlatforms) = postSolution
		{22774906-DD0D-48E9-BE22-A1FF29B748B3}.Debug|Any CPU.ActiveCfg = Debug|Any CPU
		{22774906-DD0D-48E9-BE22-A1FF29B748B3}.Debug|Any CPU.Build.0 = Debug|Any CPU
		{22774906-DD0D-48E9-BE22-A1FF29B748B3}.Release|Any CPU.ActiveCfg = Release|Any CPU
		{22774906-DD0D-48E9-BE22-A1FF29B748B3}.Release|Any CPU.Build.0 = Release|Any CPU
		{AA4797EF-0A01-4EAA-894A-4D311CC0BF68}.Debug|Any CPU.ActiveCfg = Debug|Any CPU
		{AA4797EF-0A01-4EAA-894A-4D311CC0BF68}.Debug|Any CPU.Build.0 = Debug|Any CPU
		{AA4797EF-0A01-4EAA-894A-4D311CC0BF68}.Release|Any CPU.ActiveCfg = Release|Any CPU
		{AA4797EF-0A01-4EAA-894A-4D311CC0BF68}.Release|Any CPU.Build.0 = Release|Any CPU
		{7B19D136-5BDD-4077-8FC5-2CC04E266ECA}.Debug|Any CPU.ActiveCfg = Debug|Any CPU
		{7B19D136-5BDD-4077-8FC5-2CC04E266ECA}.Debug|Any CPU.Build.0 = Debug|Any CPU
		{7B19D136-5BDD-4077-8FC5-2CC04E266ECA}.Release|Any CPU.ActiveCfg = Release|Any CPU
		{7B19D136-5BDD-4077-8FC5-2CC04E266ECA}.Release|Any CPU.Build.0 = Release|Any CPU
		{33B83646-986D-43E5-AD4C-62F38DBF8216}.Debug|Any CPU.ActiveCfg = Debug|Any CPU
		{33B83646-986D-43E5-AD4C-62F38DBF8216}.Debug|Any CPU.Build.0 = Debug|Any CPU
		{33B83646-986D-43E5-AD4C-62F38DBF8216}.Release|Any CPU.ActiveCfg = Release|Any CPU
		{33B83646-986D-43E5-AD4C-62F38DBF8216}.Release|Any CPU.Build.0 = Release|Any CPU
	EndGlobalSection
	GlobalSection(SolutionProperties) = preSolution
		HideSolutionNode = FALSE
	EndGlobalSection
	GlobalSection(NestedProjects) = preSolution
		{22774906-DD0D-48E9-BE22-A1FF29B748B3} = {7DCFDCFB-89AE-4C06-837C-CA2653C1192B}
		{AA4797EF-0A01-4EAA-894A-4D311CC0BF68} = {7DCFDCFB-89AE-4C06-837C-CA2653C1192B}
		{7B19D136-5BDD-4077-8FC5-2CC04E266ECA} = {7DCFDCFB-89AE-4C06-837C-CA2653C1192B}
		{33B83646-986D-43E5-AD4C-62F38DBF8216} = {7DCFDCFB-89AE-4C06-837C-CA2653C1192B}
	EndGlobalSection
EndGlobal
