
Microsoft Visual Studio Solution File, Format Version 12.00
# Visual Studio 14
VisualStudioVersion = 14.0.23107.0
MinimumVisualStudioVersion = 10.0.40219.1
Project("{2150E333-8FDC-42A3-9474-1A3956D46DE8}") = "src", "src", "{7DCFDCFB-89AE-4C06-837C-CA2653C1192B}"
EndProject
Project("{2150E333-8FDC-42A3-9474-1A3956D46DE8}") = "Solution Items", "Solution Items", "{8BBCF67E-4931-4831-9AA9-4AAEA9985CC7}"
	ProjectSection(SolutionItems) = preProject
		global.json = global.json
	EndProjectSection
EndProject
Project("{FAE04EC0-301F-11D3-BF4B-00C04F79EFBC}") = "ProtectionTools.Core", "ProtectionTools.Core\ProtectionTools.Core.csproj", "{A1949F65-F93B-4E92-A751-B95E94FCBE41}"
EndProject
Project("{8BB2217D-0F2D-49D1-97BC-3654ED321F3B}") = "ProtectionTools.WebUI", "src\ProtectionTools\ProtectionTools.WebUI.xproj", "{E5803EDC-328B-40D5-AEDB-8EAB62AAEC57}"
EndProject
Project("{2150E333-8FDC-42A3-9474-1A3956D46DE8}") = "Tests", "Tests", "{0FDA1C77-51B0-4054-A2B2-D69F37D3D875}"
EndProject
Project("{FAE04EC0-301F-11D3-BF4B-00C04F79EFBC}") = "ProtectionTools.Core.Tests", "ProtectionTools.Core.Tests\ProtectionTools.Core.Tests.csproj", "{9669C0B0-932C-424F-A79C-04890F857F0C}"
EndProject
Project("{FAE04EC0-301F-11D3-BF4B-00C04F79EFBC}") = "DataAccessLayer", "DataAccessLayer\DataAccessLayer.csproj", "{47C3E923-91DF-47A0-936D-BF99D23D9C36}"
EndProject
Global
	GlobalSection(SolutionConfigurationPlatforms) = preSolution
		Debug|Any CPU = Debug|Any CPU
		Release|Any CPU = Release|Any CPU
	EndGlobalSection
	GlobalSection(ProjectConfigurationPlatforms) = postSolution
		{A1949F65-F93B-4E92-A751-B95E94FCBE41}.Debug|Any CPU.ActiveCfg = Debug|Any CPU
		{A1949F65-F93B-4E92-A751-B95E94FCBE41}.Debug|Any CPU.Build.0 = Debug|Any CPU
		{A1949F65-F93B-4E92-A751-B95E94FCBE41}.Release|Any CPU.ActiveCfg = Release|Any CPU
		{A1949F65-F93B-4E92-A751-B95E94FCBE41}.Release|Any CPU.Build.0 = Release|Any CPU
		{E5803EDC-328B-40D5-AEDB-8EAB62AAEC57}.Debug|Any CPU.ActiveCfg = Debug|Any CPU
		{E5803EDC-328B-40D5-AEDB-8EAB62AAEC57}.Debug|Any CPU.Build.0 = Debug|Any CPU
		{E5803EDC-328B-40D5-AEDB-8EAB62AAEC57}.Release|Any CPU.ActiveCfg = Release|Any CPU
		{E5803EDC-328B-40D5-AEDB-8EAB62AAEC57}.Release|Any CPU.Build.0 = Release|Any CPU
		{9669C0B0-932C-424F-A79C-04890F857F0C}.Debug|Any CPU.ActiveCfg = Debug|Any CPU
		{9669C0B0-932C-424F-A79C-04890F857F0C}.Debug|Any CPU.Build.0 = Debug|Any CPU
		{9669C0B0-932C-424F-A79C-04890F857F0C}.Release|Any CPU.ActiveCfg = Release|Any CPU
		{9669C0B0-932C-424F-A79C-04890F857F0C}.Release|Any CPU.Build.0 = Release|Any CPU
		{47C3E923-91DF-47A0-936D-BF99D23D9C36}.Debug|Any CPU.ActiveCfg = Debug|Any CPU
		{47C3E923-91DF-47A0-936D-BF99D23D9C36}.Debug|Any CPU.Build.0 = Debug|Any CPU
		{47C3E923-91DF-47A0-936D-BF99D23D9C36}.Release|Any CPU.ActiveCfg = Release|Any CPU
		{47C3E923-91DF-47A0-936D-BF99D23D9C36}.Release|Any CPU.Build.0 = Release|Any CPU
	EndGlobalSection
	GlobalSection(SolutionProperties) = preSolution
		HideSolutionNode = FALSE
	EndGlobalSection
	GlobalSection(NestedProjects) = preSolution
		{E5803EDC-328B-40D5-AEDB-8EAB62AAEC57} = {7DCFDCFB-89AE-4C06-837C-CA2653C1192B}
		{9669C0B0-932C-424F-A79C-04890F857F0C} = {0FDA1C77-51B0-4054-A2B2-D69F37D3D875}
	EndGlobalSection
EndGlobal
